
Microsoft Visual Studio Solution File, Format Version 12.00
# Visual Studio Version 16
Project("{8BC9CEB8-8B4A-11D0-8D11-00A0C91BC942}") = "ALL_BUILD", "ALL_BUILD.vcxproj", "{617DE7CE-CA63-32CA-8A0D-8BB2053710D4}"
	ProjectSection(ProjectDependencies) = postProject
		{450FE921-D65D-3BB1-9AF1-D60AAFEA7655} = {450FE921-D65D-3BB1-9AF1-D60AAFEA7655}
		{DAF09B01-7420-35C4-97B3-432BDB91CB9E} = {DAF09B01-7420-35C4-97B3-432BDB91CB9E}
		{FADC500B-4EEF-3F24-BB5B-2E653185EF4D} = {FADC500B-4EEF-3F24-BB5B-2E653185EF4D}
	EndProjectSection
EndProject
Project("{8BC9CEB8-8B4A-11D0-8D11-00A0C91BC942}") = "Continuous", "Continuous.vcxproj", "{1D038F7C-3D33-3319-AB85-D44B8A9FD37C}"
	ProjectSection(ProjectDependencies) = postProject
		{450FE921-D65D-3BB1-9AF1-D60AAFEA7655} = {450FE921-D65D-3BB1-9AF1-D60AAFEA7655}
	EndProjectSection
EndProject
Project("{8BC9CEB8-8B4A-11D0-8D11-00A0C91BC942}") = "Experimental", "Experimental.vcxproj", "{F57E385B-86F5-3C24-82A2-57CFD751579B}"
	ProjectSection(ProjectDependencies) = postProject
		{450FE921-D65D-3BB1-9AF1-D60AAFEA7655} = {450FE921-D65D-3BB1-9AF1-D60AAFEA7655}
	EndProjectSection
EndProject
Project("{8BC9CEB8-8B4A-11D0-8D11-00A0C91BC942}") = "Nightly", "Nightly.vcxproj", "{61FE20AB-9311-3451-B144-8E8F23F02FB1}"
	ProjectSection(ProjectDependencies) = postProject
		{450FE921-D65D-3BB1-9AF1-D60AAFEA7655} = {450FE921-D65D-3BB1-9AF1-D60AAFEA7655}
	EndProjectSection
EndProject
Project("{8BC9CEB8-8B4A-11D0-8D11-00A0C91BC942}") = "NightlyMemoryCheck", "NightlyMemoryCheck.vcxproj", "{3C050715-7DA1-3ABD-B680-F82D61593CB6}"
	ProjectSection(ProjectDependencies) = postProject
		{450FE921-D65D-3BB1-9AF1-D60AAFEA7655} = {450FE921-D65D-3BB1-9AF1-D60AAFEA7655}
	EndProjectSection
EndProject
Project("{8BC9CEB8-8B4A-11D0-8D11-00A0C91BC942}") = "RUN_TESTS", "RUN_TESTS.vcxproj", "{88CD51B5-BC86-3622-80F1-B943EB57BD0B}"
	ProjectSection(ProjectDependencies) = postProject
		{450FE921-D65D-3BB1-9AF1-D60AAFEA7655} = {450FE921-D65D-3BB1-9AF1-D60AAFEA7655}
	EndProjectSection
EndProject
Project("{8BC9CEB8-8B4A-11D0-8D11-00A0C91BC942}") = "ZERO_CHECK", "ZERO_CHECK.vcxproj", "{450FE921-D65D-3BB1-9AF1-D60AAFEA7655}"
	ProjectSection(ProjectDependencies) = postProject
	EndProjectSection
EndProject
Project("{8BC9CEB8-8B4A-11D0-8D11-00A0C91BC942}") = "antworld_tests", "antworld_tests.vcxproj", "{DAF09B01-7420-35C4-97B3-432BDB91CB9E}"
	ProjectSection(ProjectDependencies) = postProject
		{450FE921-D65D-3BB1-9AF1-D60AAFEA7655} = {450FE921-D65D-3BB1-9AF1-D60AAFEA7655}
	EndProjectSection
EndProject
Project("{8BC9CEB8-8B4A-11D0-8D11-00A0C91BC942}") = "dev_challenge", "dev_challenge.vcxproj", "{FADC500B-4EEF-3F24-BB5B-2E653185EF4D}"
	ProjectSection(ProjectDependencies) = postProject
		{450FE921-D65D-3BB1-9AF1-D60AAFEA7655} = {450FE921-D65D-3BB1-9AF1-D60AAFEA7655}
	EndProjectSection
EndProject
Global
	GlobalSection(SolutionConfigurationPlatforms) = preSolution
		Debug|x64 = Debug|x64
		Release|x64 = Release|x64
		MinSizeRel|x64 = MinSizeRel|x64
		RelWithDebInfo|x64 = RelWithDebInfo|x64
	EndGlobalSection
	GlobalSection(ProjectConfigurationPlatforms) = postSolution
		{617DE7CE-CA63-32CA-8A0D-8BB2053710D4}.Debug|x64.ActiveCfg = Debug|x64
		{617DE7CE-CA63-32CA-8A0D-8BB2053710D4}.Release|x64.ActiveCfg = Release|x64
		{617DE7CE-CA63-32CA-8A0D-8BB2053710D4}.MinSizeRel|x64.ActiveCfg = MinSizeRel|x64
		{617DE7CE-CA63-32CA-8A0D-8BB2053710D4}.RelWithDebInfo|x64.ActiveCfg = RelWithDebInfo|x64
		{1D038F7C-3D33-3319-AB85-D44B8A9FD37C}.Debug|x64.ActiveCfg = Debug|x64
		{1D038F7C-3D33-3319-AB85-D44B8A9FD37C}.Release|x64.ActiveCfg = Release|x64
		{1D038F7C-3D33-3319-AB85-D44B8A9FD37C}.MinSizeRel|x64.ActiveCfg = MinSizeRel|x64
		{1D038F7C-3D33-3319-AB85-D44B8A9FD37C}.RelWithDebInfo|x64.ActiveCfg = RelWithDebInfo|x64
		{F57E385B-86F5-3C24-82A2-57CFD751579B}.Debug|x64.ActiveCfg = Debug|x64
		{F57E385B-86F5-3C24-82A2-57CFD751579B}.Release|x64.ActiveCfg = Release|x64
		{F57E385B-86F5-3C24-82A2-57CFD751579B}.MinSizeRel|x64.ActiveCfg = MinSizeRel|x64
		{F57E385B-86F5-3C24-82A2-57CFD751579B}.RelWithDebInfo|x64.ActiveCfg = RelWithDebInfo|x64
		{61FE20AB-9311-3451-B144-8E8F23F02FB1}.Debug|x64.ActiveCfg = Debug|x64
		{61FE20AB-9311-3451-B144-8E8F23F02FB1}.Release|x64.ActiveCfg = Release|x64
		{61FE20AB-9311-3451-B144-8E8F23F02FB1}.MinSizeRel|x64.ActiveCfg = MinSizeRel|x64
		{61FE20AB-9311-3451-B144-8E8F23F02FB1}.RelWithDebInfo|x64.ActiveCfg = RelWithDebInfo|x64
		{3C050715-7DA1-3ABD-B680-F82D61593CB6}.Debug|x64.ActiveCfg = Debug|x64
		{3C050715-7DA1-3ABD-B680-F82D61593CB6}.Release|x64.ActiveCfg = Release|x64
		{3C050715-7DA1-3ABD-B680-F82D61593CB6}.MinSizeRel|x64.ActiveCfg = MinSizeRel|x64
		{3C050715-7DA1-3ABD-B680-F82D61593CB6}.RelWithDebInfo|x64.ActiveCfg = RelWithDebInfo|x64
		{88CD51B5-BC86-3622-80F1-B943EB57BD0B}.Debug|x64.ActiveCfg = Debug|x64
		{88CD51B5-BC86-3622-80F1-B943EB57BD0B}.Release|x64.ActiveCfg = Release|x64
		{88CD51B5-BC86-3622-80F1-B943EB57BD0B}.MinSizeRel|x64.ActiveCfg = MinSizeRel|x64
		{88CD51B5-BC86-3622-80F1-B943EB57BD0B}.RelWithDebInfo|x64.ActiveCfg = RelWithDebInfo|x64
		{450FE921-D65D-3BB1-9AF1-D60AAFEA7655}.Debug|x64.ActiveCfg = Debug|x64
		{450FE921-D65D-3BB1-9AF1-D60AAFEA7655}.Debug|x64.Build.0 = Debug|x64
		{450FE921-D65D-3BB1-9AF1-D60AAFEA7655}.Release|x64.ActiveCfg = Release|x64
		{450FE921-D65D-3BB1-9AF1-D60AAFEA7655}.Release|x64.Build.0 = Release|x64
		{450FE921-D65D-3BB1-9AF1-D60AAFEA7655}.MinSizeRel|x64.ActiveCfg = MinSizeRel|x64
		{450FE921-D65D-3BB1-9AF1-D60AAFEA7655}.MinSizeRel|x64.Build.0 = MinSizeRel|x64
		{450FE921-D65D-3BB1-9AF1-D60AAFEA7655}.RelWithDebInfo|x64.ActiveCfg = RelWithDebInfo|x64
		{450FE921-D65D-3BB1-9AF1-D60AAFEA7655}.RelWithDebInfo|x64.Build.0 = RelWithDebInfo|x64
		{DAF09B01-7420-35C4-97B3-432BDB91CB9E}.Debug|x64.ActiveCfg = Debug|x64
		{DAF09B01-7420-35C4-97B3-432BDB91CB9E}.Debug|x64.Build.0 = Debug|x64
		{DAF09B01-7420-35C4-97B3-432BDB91CB9E}.Release|x64.ActiveCfg = Release|x64
		{DAF09B01-7420-35C4-97B3-432BDB91CB9E}.Release|x64.Build.0 = Release|x64
		{DAF09B01-7420-35C4-97B3-432BDB91CB9E}.MinSizeRel|x64.ActiveCfg = MinSizeRel|x64
		{DAF09B01-7420-35C4-97B3-432BDB91CB9E}.MinSizeRel|x64.Build.0 = MinSizeRel|x64
		{DAF09B01-7420-35C4-97B3-432BDB91CB9E}.RelWithDebInfo|x64.ActiveCfg = RelWithDebInfo|x64
		{DAF09B01-7420-35C4-97B3-432BDB91CB9E}.RelWithDebInfo|x64.Build.0 = RelWithDebInfo|x64
		{FADC500B-4EEF-3F24-BB5B-2E653185EF4D}.Debug|x64.ActiveCfg = Debug|x64
		{FADC500B-4EEF-3F24-BB5B-2E653185EF4D}.Debug|x64.Build.0 = Debug|x64
		{FADC500B-4EEF-3F24-BB5B-2E653185EF4D}.Release|x64.ActiveCfg = Release|x64
		{FADC500B-4EEF-3F24-BB5B-2E653185EF4D}.Release|x64.Build.0 = Release|x64
		{FADC500B-4EEF-3F24-BB5B-2E653185EF4D}.MinSizeRel|x64.ActiveCfg = MinSizeRel|x64
		{FADC500B-4EEF-3F24-BB5B-2E653185EF4D}.MinSizeRel|x64.Build.0 = MinSizeRel|x64
		{FADC500B-4EEF-3F24-BB5B-2E653185EF4D}.RelWithDebInfo|x64.ActiveCfg = RelWithDebInfo|x64
		{FADC500B-4EEF-3F24-BB5B-2E653185EF4D}.RelWithDebInfo|x64.Build.0 = RelWithDebInfo|x64
	EndGlobalSection
	GlobalSection(ExtensibilityGlobals) = postSolution
		SolutionGuid = {F8F7C021-B1E3-3F38-A567-109AD22ADF80}
	EndGlobalSection
	GlobalSection(ExtensibilityAddIns) = postSolution
	EndGlobalSection
EndGlobal
