
Microsoft Visual Studio Solution File, Format Version 12.00
# Visual Studio Version 16
Project("{8BC9CEB8-8B4A-11D0-8D11-00A0C91BC942}") = "ALL_BUILD", "ALL_BUILD.vcxproj", "{7868AED3-6BB5-32BF-B6BF-78B82CBA58ED}"
	ProjectSection(ProjectDependencies) = postProject
		{1A1F8001-0497-3074-94DB-B882B51B5758} = {1A1F8001-0497-3074-94DB-B882B51B5758}
		{55719387-81E6-3FED-A359-31AA3AD7FF14} = {55719387-81E6-3FED-A359-31AA3AD7FF14}
		{08F306C6-C493-3404-A158-7EE259B3F5F7} = {08F306C6-C493-3404-A158-7EE259B3F5F7}
	EndProjectSection
EndProject
Project("{8BC9CEB8-8B4A-11D0-8D11-00A0C91BC942}") = "Continuous", "Continuous.vcxproj", "{84EDBD6E-43AB-3750-930B-ECB00017E3DA}"
	ProjectSection(ProjectDependencies) = postProject
		{1A1F8001-0497-3074-94DB-B882B51B5758} = {1A1F8001-0497-3074-94DB-B882B51B5758}
	EndProjectSection
EndProject
Project("{8BC9CEB8-8B4A-11D0-8D11-00A0C91BC942}") = "Experimental", "Experimental.vcxproj", "{569BEFC3-1243-3C0B-955B-7A0DD26FF4C1}"
	ProjectSection(ProjectDependencies) = postProject
		{1A1F8001-0497-3074-94DB-B882B51B5758} = {1A1F8001-0497-3074-94DB-B882B51B5758}
	EndProjectSection
EndProject
Project("{8BC9CEB8-8B4A-11D0-8D11-00A0C91BC942}") = "Nightly", "Nightly.vcxproj", "{A7BAD3FB-D1B7-3066-9814-6C6BD013071D}"
	ProjectSection(ProjectDependencies) = postProject
		{1A1F8001-0497-3074-94DB-B882B51B5758} = {1A1F8001-0497-3074-94DB-B882B51B5758}
	EndProjectSection
EndProject
Project("{8BC9CEB8-8B4A-11D0-8D11-00A0C91BC942}") = "NightlyMemoryCheck", "NightlyMemoryCheck.vcxproj", "{D4F31D0D-5345-3C15-B01A-8B741E7E8353}"
	ProjectSection(ProjectDependencies) = postProject
		{1A1F8001-0497-3074-94DB-B882B51B5758} = {1A1F8001-0497-3074-94DB-B882B51B5758}
	EndProjectSection
EndProject
Project("{8BC9CEB8-8B4A-11D0-8D11-00A0C91BC942}") = "RUN_TESTS", "RUN_TESTS.vcxproj", "{E08E75A1-5649-31FD-8682-7044973C63CE}"
	ProjectSection(ProjectDependencies) = postProject
		{1A1F8001-0497-3074-94DB-B882B51B5758} = {1A1F8001-0497-3074-94DB-B882B51B5758}
	EndProjectSection
EndProject
Project("{8BC9CEB8-8B4A-11D0-8D11-00A0C91BC942}") = "ZERO_CHECK", "ZERO_CHECK.vcxproj", "{1A1F8001-0497-3074-94DB-B882B51B5758}"
	ProjectSection(ProjectDependencies) = postProject
	EndProjectSection
EndProject
Project("{8BC9CEB8-8B4A-11D0-8D11-00A0C91BC942}") = "antworld_tests", "antworld_tests.vcxproj", "{55719387-81E6-3FED-A359-31AA3AD7FF14}"
	ProjectSection(ProjectDependencies) = postProject
		{1A1F8001-0497-3074-94DB-B882B51B5758} = {1A1F8001-0497-3074-94DB-B882B51B5758}
	EndProjectSection
EndProject
Project("{8BC9CEB8-8B4A-11D0-8D11-00A0C91BC942}") = "dev_challenge", "dev_challenge.vcxproj", "{08F306C6-C493-3404-A158-7EE259B3F5F7}"
	ProjectSection(ProjectDependencies) = postProject
		{1A1F8001-0497-3074-94DB-B882B51B5758} = {1A1F8001-0497-3074-94DB-B882B51B5758}
	EndProjectSection
EndProject
Global
	GlobalSection(SolutionConfigurationPlatforms) = preSolution
		Debug|x64 = Debug|x64
		Release|x64 = Release|x64
		MinSizeRel|x64 = MinSizeRel|x64
		RelWithDebInfo|x64 = RelWithDebInfo|x64
	EndGlobalSection
	GlobalSection(ProjectConfigurationPlatforms) = postSolution
		{7868AED3-6BB5-32BF-B6BF-78B82CBA58ED}.Debug|x64.ActiveCfg = Debug|x64
		{7868AED3-6BB5-32BF-B6BF-78B82CBA58ED}.Release|x64.ActiveCfg = Release|x64
		{7868AED3-6BB5-32BF-B6BF-78B82CBA58ED}.MinSizeRel|x64.ActiveCfg = MinSizeRel|x64
		{7868AED3-6BB5-32BF-B6BF-78B82CBA58ED}.RelWithDebInfo|x64.ActiveCfg = RelWithDebInfo|x64
		{84EDBD6E-43AB-3750-930B-ECB00017E3DA}.Debug|x64.ActiveCfg = Debug|x64
		{84EDBD6E-43AB-3750-930B-ECB00017E3DA}.Release|x64.ActiveCfg = Release|x64
		{84EDBD6E-43AB-3750-930B-ECB00017E3DA}.MinSizeRel|x64.ActiveCfg = MinSizeRel|x64
		{84EDBD6E-43AB-3750-930B-ECB00017E3DA}.RelWithDebInfo|x64.ActiveCfg = RelWithDebInfo|x64
		{569BEFC3-1243-3C0B-955B-7A0DD26FF4C1}.Debug|x64.ActiveCfg = Debug|x64
		{569BEFC3-1243-3C0B-955B-7A0DD26FF4C1}.Release|x64.ActiveCfg = Release|x64
		{569BEFC3-1243-3C0B-955B-7A0DD26FF4C1}.MinSizeRel|x64.ActiveCfg = MinSizeRel|x64
		{569BEFC3-1243-3C0B-955B-7A0DD26FF4C1}.RelWithDebInfo|x64.ActiveCfg = RelWithDebInfo|x64
		{A7BAD3FB-D1B7-3066-9814-6C6BD013071D}.Debug|x64.ActiveCfg = Debug|x64
		{A7BAD3FB-D1B7-3066-9814-6C6BD013071D}.Release|x64.ActiveCfg = Release|x64
		{A7BAD3FB-D1B7-3066-9814-6C6BD013071D}.MinSizeRel|x64.ActiveCfg = MinSizeRel|x64
		{A7BAD3FB-D1B7-3066-9814-6C6BD013071D}.RelWithDebInfo|x64.ActiveCfg = RelWithDebInfo|x64
		{D4F31D0D-5345-3C15-B01A-8B741E7E8353}.Debug|x64.ActiveCfg = Debug|x64
		{D4F31D0D-5345-3C15-B01A-8B741E7E8353}.Release|x64.ActiveCfg = Release|x64
		{D4F31D0D-5345-3C15-B01A-8B741E7E8353}.MinSizeRel|x64.ActiveCfg = MinSizeRel|x64
		{D4F31D0D-5345-3C15-B01A-8B741E7E8353}.RelWithDebInfo|x64.ActiveCfg = RelWithDebInfo|x64
		{E08E75A1-5649-31FD-8682-7044973C63CE}.Debug|x64.ActiveCfg = Debug|x64
		{E08E75A1-5649-31FD-8682-7044973C63CE}.Release|x64.ActiveCfg = Release|x64
		{E08E75A1-5649-31FD-8682-7044973C63CE}.MinSizeRel|x64.ActiveCfg = MinSizeRel|x64
		{E08E75A1-5649-31FD-8682-7044973C63CE}.RelWithDebInfo|x64.ActiveCfg = RelWithDebInfo|x64
		{1A1F8001-0497-3074-94DB-B882B51B5758}.Debug|x64.ActiveCfg = Debug|x64
		{1A1F8001-0497-3074-94DB-B882B51B5758}.Debug|x64.Build.0 = Debug|x64
		{1A1F8001-0497-3074-94DB-B882B51B5758}.Release|x64.ActiveCfg = Release|x64
		{1A1F8001-0497-3074-94DB-B882B51B5758}.Release|x64.Build.0 = Release|x64
		{1A1F8001-0497-3074-94DB-B882B51B5758}.MinSizeRel|x64.ActiveCfg = MinSizeRel|x64
		{1A1F8001-0497-3074-94DB-B882B51B5758}.MinSizeRel|x64.Build.0 = MinSizeRel|x64
		{1A1F8001-0497-3074-94DB-B882B51B5758}.RelWithDebInfo|x64.ActiveCfg = RelWithDebInfo|x64
		{1A1F8001-0497-3074-94DB-B882B51B5758}.RelWithDebInfo|x64.Build.0 = RelWithDebInfo|x64
		{55719387-81E6-3FED-A359-31AA3AD7FF14}.Debug|x64.ActiveCfg = Debug|x64
		{55719387-81E6-3FED-A359-31AA3AD7FF14}.Debug|x64.Build.0 = Debug|x64
		{55719387-81E6-3FED-A359-31AA3AD7FF14}.Release|x64.ActiveCfg = Release|x64
		{55719387-81E6-3FED-A359-31AA3AD7FF14}.Release|x64.Build.0 = Release|x64
		{55719387-81E6-3FED-A359-31AA3AD7FF14}.MinSizeRel|x64.ActiveCfg = MinSizeRel|x64
		{55719387-81E6-3FED-A359-31AA3AD7FF14}.MinSizeRel|x64.Build.0 = MinSizeRel|x64
		{55719387-81E6-3FED-A359-31AA3AD7FF14}.RelWithDebInfo|x64.ActiveCfg = RelWithDebInfo|x64
		{55719387-81E6-3FED-A359-31AA3AD7FF14}.RelWithDebInfo|x64.Build.0 = RelWithDebInfo|x64
		{08F306C6-C493-3404-A158-7EE259B3F5F7}.Debug|x64.ActiveCfg = Debug|x64
		{08F306C6-C493-3404-A158-7EE259B3F5F7}.Debug|x64.Build.0 = Debug|x64
		{08F306C6-C493-3404-A158-7EE259B3F5F7}.Release|x64.ActiveCfg = Release|x64
		{08F306C6-C493-3404-A158-7EE259B3F5F7}.Release|x64.Build.0 = Release|x64
		{08F306C6-C493-3404-A158-7EE259B3F5F7}.MinSizeRel|x64.ActiveCfg = MinSizeRel|x64
		{08F306C6-C493-3404-A158-7EE259B3F5F7}.MinSizeRel|x64.Build.0 = MinSizeRel|x64
		{08F306C6-C493-3404-A158-7EE259B3F5F7}.RelWithDebInfo|x64.ActiveCfg = RelWithDebInfo|x64
		{08F306C6-C493-3404-A158-7EE259B3F5F7}.RelWithDebInfo|x64.Build.0 = RelWithDebInfo|x64
	EndGlobalSection
	GlobalSection(ExtensibilityGlobals) = postSolution
		SolutionGuid = {149BDA2B-40DC-3818-8202-EC76C3ABB61B}
	EndGlobalSection
	GlobalSection(ExtensibilityAddIns) = postSolution
	EndGlobalSection
EndGlobal
