<?xml version="1.0" encoding="utf-8"?>
<Project ToolsVersion="16.0" xmlns="http://schemas.microsoft.com/developer/msbuild/2003">
  <ItemGroup>
    <CustomBuild Include="C:\Users\yojit\Documents\Yojith_Work\Mac_EcoCar\CAV-EIC-Y1-Dev-Challenge\build-v3-next-compare\CMakeFiles\3df5c59c387103a380e631bf37107569\NightlyMemoryCheck.rule">
      <Filter>CMake Rules</Filter>
    </CustomBuild>
    <CustomBuild Include="C:\Users\yojit\Documents\Yojith_Work\Mac_EcoCar\CAV-EIC-Y1-Dev-Challenge\CMakeLists.txt" />
  </ItemGroup>
  <ItemGroup>
    <None Include="C:\Users\yojit\Documents\Yojith_Work\Mac_EcoCar\CAV-EIC-Y1-Dev-Challenge\build-v3-next-compare\CMakeFiles\NightlyMemoryCheck" />
  </ItemGroup>
  <ItemGroup>
    <Filter Include="CMake Rules">
      <UniqueIdentifier>{2AE7803D-BA0B-3004-A445-45208D3D4E5D}</UniqueIdentifier>
    </Filter>
  </ItemGroup>
</Project>
