<?xml version="1.0" encoding="utf-8"?>
<Project ToolsVersion="16.0" xmlns="http://schemas.microsoft.com/developer/msbuild/2003">
  <ItemGroup>
    <ClCompile Include="C:\Users\yojit\Documents\Yojith_Work\Mac_EcoCar\CAV-EIC-Y1-Dev-Challenge\test\antworld_tests.cpp">
      <Filter>Source Files</Filter>
    </ClCompile>
    <ClCompile Include="C:\Users\yojit\Documents\Yojith_Work\Mac_EcoCar\CAV-EIC-Y1-Dev-Challenge\src\applicant_solution.cpp">
      <Filter>Source Files</Filter>
    </ClCompile>
    <ClCompile Include="C:\Users\yojit\Documents\Yojith_Work\Mac_EcoCar\CAV-EIC-Y1-Dev-Challenge\src\antworld.cpp">
      <Filter>Source Files</Filter>
    </ClCompile>
    <ClCompile Include="C:\Users\yojit\Documents\Yojith_Work\Mac_EcoCar\CAV-EIC-Y1-Dev-Challenge\src\useable_functions.cpp">
      <Filter>Source Files</Filter>
    </ClCompile>
  </ItemGroup>
  <ItemGroup>
    <CustomBuild Include="C:\Users\yojit\Documents\Yojith_Work\Mac_EcoCar\CAV-EIC-Y1-Dev-Challenge\CMakeLists.txt" />
  </ItemGroup>
  <ItemGroup>
    <Filter Include="Source Files">
      <UniqueIdentifier>{E0FACB77-7958-3AF3-85CE-E3A0403300C2}</UniqueIdentifier>
    </Filter>
  </ItemGroup>
</Project>
