<?xml version="1.0" encoding="utf-8"?>
<Project ToolsVersion="16.0" xmlns="http://schemas.microsoft.com/developer/msbuild/2003">
  <ItemGroup>
    <CustomBuild Include="C:\Users\yojit\Documents\Yojith_Work\Mac_EcoCar\CAV-EIC-Y1-Dev-Challenge\build-every-cell-vs2019\CMakeFiles\239551d38937c5ee6c46474996de4967\Nightly.rule">
      <Filter>CMake Rules</Filter>
    </CustomBuild>
    <CustomBuild Include="C:\Users\yojit\Documents\Yojith_Work\Mac_EcoCar\CAV-EIC-Y1-Dev-Challenge\CMakeLists.txt" />
  </ItemGroup>
  <ItemGroup>
    <None Include="C:\Users\yojit\Documents\Yojith_Work\Mac_EcoCar\CAV-EIC-Y1-Dev-Challenge\build-every-cell-vs2019\CMakeFiles\Nightly" />
  </ItemGroup>
  <ItemGroup>
    <Filter Include="CMake Rules">
      <UniqueIdentifier>{492A16B9-E203-3B5A-9DFA-604357311B6C}</UniqueIdentifier>
    </Filter>
  </ItemGroup>
</Project>
